
Microsoft Visual Studio Solution File, Format Version 12.00
# Visual Studio Version 17
VisualStudioVersion = 17.5.33502.453
MinimumVisualStudioVersion = 10.0.40219.1
Project("{FAE04EC0-301F-11D3-BF4B-00C04F79EFBC}") = "Assessment", "Assessment\Assessment.csproj", "{DDD868A8-5BBA-43AF-964D-07AC62175C07}"
EndProject
Project("{2150E333-8FDC-42A3-9474-1A3956D46DE8}") = "Solution Items", "Solution Items", "{368F71C6-DB66-4A98-91A1-E54011CC4E4E}"
	ProjectSection(SolutionItems) = preProject
		.gitignore = .gitignore
		Assessment.vsext = Assessment.vsext
		README.md = README.md
		version.json = version.json
	EndProjectSection
EndProject
Project("{9A19103F-16F7-4668-BE54-9A1E7A4F7556}") = "Assessment.Core", "Assessment.Core\Assessment.Core.csproj", "{D59745E5-0A8C-48CE-A71D-62FE2E84278D}"
EndProject
Project("{9A19103F-16F7-4668-BE54-9A1E7A4F7556}") = "Assesment.Core.Tests", "Assesment.Core.Tests\Assesment.Core.Tests.csproj", "{A980EF2F-11B3-46DF-9362-3F396DC77599}"
EndProject
Project("{FAE04EC0-301F-11D3-BF4B-00C04F79EFBC}") = "Assessment.Tests", "Assessment.Tests\Assessment.Tests.csproj", "{0BC14678-D567-4CAC-832F-AF37E63ADB6C}"
EndProject
Global
	GlobalSection(SolutionConfigurationPlatforms) = preSolution
		Debug|Any CPU = Debug|Any CPU
		Debug|ARM = Debug|ARM
		Debug|ARM64 = Debug|ARM64
		Debug|x64 = Debug|x64
		Debug|x86 = Debug|x86
		Release|Any CPU = Release|Any CPU
		Release|ARM = Release|ARM
		Release|ARM64 = Release|ARM64
		Release|x64 = Release|x64
		Release|x86 = Release|x86
	EndGlobalSection
	GlobalSection(ProjectConfigurationPlatforms) = postSolution
		{DDD868A8-5BBA-43AF-964D-07AC62175C07}.Debug|Any CPU.ActiveCfg = Debug|x64
		{DDD868A8-5BBA-43AF-964D-07AC62175C07}.Debug|Any CPU.Build.0 = Debug|x64
		{DDD868A8-5BBA-43AF-964D-07AC62175C07}.Debug|Any CPU.Deploy.0 = Debug|x64
		{DDD868A8-5BBA-43AF-964D-07AC62175C07}.Debug|ARM.ActiveCfg = Debug|ARM
		{DDD868A8-5BBA-43AF-964D-07AC62175C07}.Debug|ARM.Build.0 = Debug|ARM
		{DDD868A8-5BBA-43AF-964D-07AC62175C07}.Debug|ARM.Deploy.0 = Debug|ARM
		{DDD868A8-5BBA-43AF-964D-07AC62175C07}.Debug|ARM64.ActiveCfg = Debug|ARM64
		{DDD868A8-5BBA-43AF-964D-07AC62175C07}.Debug|ARM64.Build.0 = Debug|ARM64
		{DDD868A8-5BBA-43AF-964D-07AC62175C07}.Debug|ARM64.Deploy.0 = Debug|ARM64
		{DDD868A8-5BBA-43AF-964D-07AC62175C07}.Debug|x64.ActiveCfg = Debug|x64
		{DDD868A8-5BBA-43AF-964D-07AC62175C07}.Debug|x64.Build.0 = Debug|x64
		{DDD868A8-5BBA-43AF-964D-07AC62175C07}.Debug|x64.Deploy.0 = Debug|x64
		{DDD868A8-5BBA-43AF-964D-07AC62175C07}.Debug|x86.ActiveCfg = Debug|x86
		{DDD868A8-5BBA-43AF-964D-07AC62175C07}.Debug|x86.Build.0 = Debug|x86
		{DDD868A8-5BBA-43AF-964D-07AC62175C07}.Debug|x86.Deploy.0 = Debug|x86
		{DDD868A8-5BBA-43AF-964D-07AC62175C07}.Release|Any CPU.ActiveCfg = Release|x64
		{DDD868A8-5BBA-43AF-964D-07AC62175C07}.Release|Any CPU.Build.0 = Release|x64
		{DDD868A8-5BBA-43AF-964D-07AC62175C07}.Release|Any CPU.Deploy.0 = Release|x64
		{DDD868A8-5BBA-43AF-964D-07AC62175C07}.Release|ARM.ActiveCfg = Release|ARM
		{DDD868A8-5BBA-43AF-964D-07AC62175C07}.Release|ARM.Build.0 = Release|ARM
		{DDD868A8-5BBA-43AF-964D-07AC62175C07}.Release|ARM.Deploy.0 = Release|ARM
		{DDD868A8-5BBA-43AF-964D-07AC62175C07}.Release|ARM64.ActiveCfg = Release|ARM64
		{DDD868A8-5BBA-43AF-964D-07AC62175C07}.Release|ARM64.Build.0 = Release|ARM64
		{DDD868A8-5BBA-43AF-964D-07AC62175C07}.Release|ARM64.Deploy.0 = Release|ARM64
		{DDD868A8-5BBA-43AF-964D-07AC62175C07}.Release|x64.ActiveCfg = Release|x64
		{DDD868A8-5BBA-43AF-964D-07AC62175C07}.Release|x64.Build.0 = Release|x64
		{DDD868A8-5BBA-43AF-964D-07AC62175C07}.Release|x64.Deploy.0 = Release|x64
		{DDD868A8-5BBA-43AF-964D-07AC62175C07}.Release|x86.ActiveCfg = Release|x86
		{DDD868A8-5BBA-43AF-964D-07AC62175C07}.Release|x86.Build.0 = Release|x86
		{DDD868A8-5BBA-43AF-964D-07AC62175C07}.Release|x86.Deploy.0 = Release|x86
		{D59745E5-0A8C-48CE-A71D-62FE2E84278D}.Debug|Any CPU.ActiveCfg = Debug|Any CPU
		{D59745E5-0A8C-48CE-A71D-62FE2E84278D}.Debug|Any CPU.Build.0 = Debug|Any CPU
		{D59745E5-0A8C-48CE-A71D-62FE2E84278D}.Debug|ARM.ActiveCfg = Debug|Any CPU
		{D59745E5-0A8C-48CE-A71D-62FE2E84278D}.Debug|ARM.Build.0 = Debug|Any CPU
		{D59745E5-0A8C-48CE-A71D-62FE2E84278D}.Debug|ARM64.ActiveCfg = Debug|Any CPU
		{D59745E5-0A8C-48CE-A71D-62FE2E84278D}.Debug|ARM64.Build.0 = Debug|Any CPU
		{D59745E5-0A8C-48CE-A71D-62FE2E84278D}.Debug|x64.ActiveCfg = Debug|Any CPU
		{D59745E5-0A8C-48CE-A71D-62FE2E84278D}.Debug|x64.Build.0 = Debug|Any CPU
		{D59745E5-0A8C-48CE-A71D-62FE2E84278D}.Debug|x86.ActiveCfg = Debug|Any CPU
		{D59745E5-0A8C-48CE-A71D-62FE2E84278D}.Debug|x86.Build.0 = Debug|Any CPU
		{D59745E5-0A8C-48CE-A71D-62FE2E84278D}.Release|Any CPU.ActiveCfg = Release|Any CPU
		{D59745E5-0A8C-48CE-A71D-62FE2E84278D}.Release|Any CPU.Build.0 = Release|Any CPU
		{D59745E5-0A8C-48CE-A71D-62FE2E84278D}.Release|ARM.ActiveCfg = Release|Any CPU
		{D59745E5-0A8C-48CE-A71D-62FE2E84278D}.Release|ARM.Build.0 = Release|Any CPU
		{D59745E5-0A8C-48CE-A71D-62FE2E84278D}.Release|ARM64.ActiveCfg = Release|Any CPU
		{D59745E5-0A8C-48CE-A71D-62FE2E84278D}.Release|ARM64.Build.0 = Release|Any CPU
		{D59745E5-0A8C-48CE-A71D-62FE2E84278D}.Release|x64.ActiveCfg = Release|Any CPU
		{D59745E5-0A8C-48CE-A71D-62FE2E84278D}.Release|x64.Build.0 = Release|Any CPU
		{D59745E5-0A8C-48CE-A71D-62FE2E84278D}.Release|x86.ActiveCfg = Release|Any CPU
		{D59745E5-0A8C-48CE-A71D-62FE2E84278D}.Release|x86.Build.0 = Release|Any CPU
		{A980EF2F-11B3-46DF-9362-3F396DC77599}.Debug|Any CPU.ActiveCfg = Debug|Any CPU
		{A980EF2F-11B3-46DF-9362-3F396DC77599}.Debug|Any CPU.Build.0 = Debug|Any CPU
		{A980EF2F-11B3-46DF-9362-3F396DC77599}.Debug|ARM.ActiveCfg = Debug|Any CPU
		{A980EF2F-11B3-46DF-9362-3F396DC77599}.Debug|ARM.Build.0 = Debug|Any CPU
		{A980EF2F-11B3-46DF-9362-3F396DC77599}.Debug|ARM64.ActiveCfg = Debug|Any CPU
		{A980EF2F-11B3-46DF-9362-3F396DC77599}.Debug|ARM64.Build.0 = Debug|Any CPU
		{A980EF2F-11B3-46DF-9362-3F396DC77599}.Debug|x64.ActiveCfg = Debug|Any CPU
		{A980EF2F-11B3-46DF-9362-3F396DC77599}.Debug|x64.Build.0 = Debug|Any CPU
		{A980EF2F-11B3-46DF-9362-3F396DC77599}.Debug|x86.ActiveCfg = Debug|Any CPU
		{A980EF2F-11B3-46DF-9362-3F396DC77599}.Debug|x86.Build.0 = Debug|Any CPU
		{A980EF2F-11B3-46DF-9362-3F396DC77599}.Release|Any CPU.ActiveCfg = Release|Any CPU
		{A980EF2F-11B3-46DF-9362-3F396DC77599}.Release|Any CPU.Build.0 = Release|Any CPU
		{A980EF2F-11B3-46DF-9362-3F396DC77599}.Release|ARM.ActiveCfg = Release|Any CPU
		{A980EF2F-11B3-46DF-9362-3F396DC77599}.Release|ARM.Build.0 = Release|Any CPU
		{A980EF2F-11B3-46DF-9362-3F396DC77599}.Release|ARM64.ActiveCfg = Release|Any CPU
		{A980EF2F-11B3-46DF-9362-3F396DC77599}.Release|ARM64.Build.0 = Release|Any CPU
		{A980EF2F-11B3-46DF-9362-3F396DC77599}.Release|x64.ActiveCfg = Release|Any CPU
		{A980EF2F-11B3-46DF-9362-3F396DC77599}.Release|x64.Build.0 = Release|Any CPU
		{A980EF2F-11B3-46DF-9362-3F396DC77599}.Release|x86.ActiveCfg = Release|Any CPU
		{A980EF2F-11B3-46DF-9362-3F396DC77599}.Release|x86.Build.0 = Release|Any CPU
		{0BC14678-D567-4CAC-832F-AF37E63ADB6C}.Debug|Any CPU.ActiveCfg = Debug|Any CPU
		{0BC14678-D567-4CAC-832F-AF37E63ADB6C}.Debug|Any CPU.Build.0 = Debug|Any CPU
		{0BC14678-D567-4CAC-832F-AF37E63ADB6C}.Debug|Any CPU.Deploy.0 = Debug|Any CPU
		{0BC14678-D567-4CAC-832F-AF37E63ADB6C}.Debug|ARM.ActiveCfg = Debug|ARM
		{0BC14678-D567-4CAC-832F-AF37E63ADB6C}.Debug|ARM.Build.0 = Debug|ARM
		{0BC14678-D567-4CAC-832F-AF37E63ADB6C}.Debug|ARM.Deploy.0 = Debug|ARM
		{0BC14678-D567-4CAC-832F-AF37E63ADB6C}.Debug|ARM64.ActiveCfg = Debug|Any CPU
		{0BC14678-D567-4CAC-832F-AF37E63ADB6C}.Debug|ARM64.Build.0 = Debug|Any CPU
		{0BC14678-D567-4CAC-832F-AF37E63ADB6C}.Debug|ARM64.Deploy.0 = Debug|Any CPU
		{0BC14678-D567-4CAC-832F-AF37E63ADB6C}.Debug|x64.ActiveCfg = Debug|x64
		{0BC14678-D567-4CAC-832F-AF37E63ADB6C}.Debug|x64.Build.0 = Debug|x64
		{0BC14678-D567-4CAC-832F-AF37E63ADB6C}.Debug|x64.Deploy.0 = Debug|x64
		{0BC14678-D567-4CAC-832F-AF37E63ADB6C}.Debug|x86.ActiveCfg = Debug|x86
		{0BC14678-D567-4CAC-832F-AF37E63ADB6C}.Debug|x86.Build.0 = Debug|x86
		{0BC14678-D567-4CAC-832F-AF37E63ADB6C}.Debug|x86.Deploy.0 = Debug|x86
		{0BC14678-D567-4CAC-832F-AF37E63ADB6C}.Release|Any CPU.ActiveCfg = Release|Any CPU
		{0BC14678-D567-4CAC-832F-AF37E63ADB6C}.Release|Any CPU.Build.0 = Release|Any CPU
		{0BC14678-D567-4CAC-832F-AF37E63ADB6C}.Release|Any CPU.Deploy.0 = Release|Any CPU
		{0BC14678-D567-4CAC-832F-AF37E63ADB6C}.Release|ARM.ActiveCfg = Release|ARM
		{0BC14678-D567-4CAC-832F-AF37E63ADB6C}.Release|ARM.Build.0 = Release|ARM
		{0BC14678-D567-4CAC-832F-AF37E63ADB6C}.Release|ARM.Deploy.0 = Release|ARM
		{0BC14678-D567-4CAC-832F-AF37E63ADB6C}.Release|ARM64.ActiveCfg = Release|Any CPU
		{0BC14678-D567-4CAC-832F-AF37E63ADB6C}.Release|ARM64.Build.0 = Release|Any CPU
		{0BC14678-D567-4CAC-832F-AF37E63ADB6C}.Release|ARM64.Deploy.0 = Release|Any CPU
		{0BC14678-D567-4CAC-832F-AF37E63ADB6C}.Release|x64.ActiveCfg = Release|x64
		{0BC14678-D567-4CAC-832F-AF37E63ADB6C}.Release|x64.Build.0 = Release|x64
		{0BC14678-D567-4CAC-832F-AF37E63ADB6C}.Release|x64.Deploy.0 = Release|x64
		{0BC14678-D567-4CAC-832F-AF37E63ADB6C}.Release|x86.ActiveCfg = Release|x86
		{0BC14678-D567-4CAC-832F-AF37E63ADB6C}.Release|x86.Build.0 = Release|x86
		{0BC14678-D567-4CAC-832F-AF37E63ADB6C}.Release|x86.Deploy.0 = Release|x86
	EndGlobalSection
	GlobalSection(SolutionProperties) = preSolution
		HideSolutionNode = FALSE
	EndGlobalSection
	GlobalSection(ExtensibilityGlobals) = postSolution
		SolutionGuid = {834E31C5-5203-4CD5-9BE5-2A5DAA371536}
	EndGlobalSection
EndGlobal
